<?xml version="1.0" encoding="utf-8"?>
<Project ToolsVersion="4.0" xmlns="http://schemas.microsoft.com/developer/msbuild/2003">
  <ItemGroup>
    <Filter Include="Source Files">
      <UniqueIdentifier>{4FC737F1-C7A5-4376-A066-2A32D752A2FF}</UniqueIdentifier>
      <Extensions>qml;cpp;c;cc;cxx;def;odl;idl;hpj;bat;asm;asmx</Extensions>
    </Filter>
    <Filter Include="Header Files">
      <UniqueIdentifier>{93995380-89BD-4b04-88EB-625FBE52EBFB}</UniqueIdentifier>
      <Extensions>h;hh;hpp;hxx;hm;inl;inc;xsd</Extensions>
    </Filter>
    <Filter Include="Resource Files">
      <UniqueIdentifier>{67DA6AB6-F800-4c08-8B7A-83BB121AAD01}</UniqueIdentifier>
      <Extensions>qrc;rc;ico;cur;bmp;dlg;rc2;rct;bin;rgs;gif;jpg;jpeg;jpe;resx;tiff;tif;png;wav;mfcribbon-ms</Extensions>
    </Filter>
    <Filter Include="Form Files">
      <UniqueIdentifier>{99349809-55BA-4b9d-BF79-8FDBB0286EB3}</UniqueIdentifier>
      <Extensions>ui</Extensions>
    </Filter>
    <Filter Include="Translation Files">
      <UniqueIdentifier>{639EADAA-A684-42e4-A9AD-28FC9BCB8F7C}</UniqueIdentifier>
      <Extensions>ts</Extensions>
    </Filter>
  </ItemGroup>
  <ItemGroup>
    <QtRcc Include="PetrelTT.qrc">
      <Filter>Resource Files</Filter>
    </QtRcc>
    <QtUic Include="PetrelTT.ui">
      <Filter>Form Files</Filter>
    </QtUic>
    <QtMoc Include="PetrelTT.h">
      <Filter>Header Files</Filter>
    </QtMoc>
    <ClCompile Include="PetrelTT.cpp">
      <Filter>Source Files</Filter>
    </ClCompile>
  </ItemGroup>
  <ItemGroup>
    <ClCompile Include="main.cpp">
      <Filter>Source Files</Filter>
    </ClCompile>
    <ClCompile Include="tPetrelProject.cpp">
      <Filter>Source Files</Filter>
    </ClCompile>
    <ClCompile Include="tPanControl.cpp">
      <Filter>Source Files</Filter>
    </ClCompile>
    <ClCompile Include="tReport.cpp">
      <Filter>Source Files</Filter>
    </ClCompile>
    <ClCompile Include="tReportRoot.cpp">
      <Filter>Source Files</Filter>
    </ClCompile>
    <ClCompile Include="tTestProcedure.cpp">
      <Filter>Source Files</Filter>
    </ClCompile>
    <ClCompile Include="tTestProcInfo.cpp">
      <Filter>Source Files</Filter>
    </ClCompile>
    <ClCompile Include="tTestDevice.cpp">
      <Filter>Source Files</Filter>
    </ClCompile>
    <ClCompile Include="tTestSpec.cpp">
      <Filter>Source Files</Filter>
    </ClCompile>
    <ClCompile Include="tTestSpecs.cpp">
      <Filter>Source Files</Filter>
    </ClCompile>
    <ClCompile Include="PetrelTools.cpp">
      <Filter>Source Files</Filter>
    </ClCompile>
    <ClCompile Include="tPanTestTree.cpp">
      <Filter>Source Files</Filter>
    </ClCompile>
    <ClCompile Include="tPanReport.cpp">
      <Filter>Source Files</Filter>
    </ClCompile>
    <ClCompile Include="tTestRunner.cpp">
      <Filter>Source Files</Filter>
    </ClCompile>
  </ItemGroup>
  <ItemGroup>
    <ClInclude Include="tPetrelProject.h">
      <Filter>Source Files</Filter>
    </ClInclude>
    <ClInclude Include="tStateMachine.h">
      <Filter>Source Files</Filter>
    </ClInclude>
    <ClInclude Include="tTestForm.h">
      <Filter>Source Files</Filter>
    </ClInclude>
    <ClInclude Include="tReportRoot.h">
      <Filter>Source Files</Filter>
    </ClInclude>
    <ClInclude Include="tTestResult.h">
      <Filter>Source Files</Filter>
    </ClInclude>
    <ClInclude Include="tTestProcInfo.h">
      <Filter>Source Files</Filter>
    </ClInclude>
    <ClInclude Include="tTestSpecs.h">
      <Filter>Source Files</Filter>
    </ClInclude>
    <ClInclude Include="tTestSpec.h">
      <Filter>Source Files</Filter>
    </ClInclude>
    <ClInclude Include="tTestDevice.h">
      <Filter>Source Files</Filter>
    </ClInclude>
    <ClInclude Include="tTestStatus.h">
      <Filter>Source Files</Filter>
    </ClInclude>
    <ClInclude Include="tPanTestTree.h">
      <Filter>Source Files</Filter>
    </ClInclude>
  </ItemGroup>
  <ItemGroup>
    <QtMoc Include="tPanControl.h">
      <Filter>Source Files</Filter>
    </QtMoc>
    <QtMoc Include="tPanPetrel.h">
      <Filter>Source Files</Filter>
    </QtMoc>
    <QtMoc Include="tPanDebug.h">
      <Filter>Source Files</Filter>
    </QtMoc>
    <QtMoc Include="tPanLog.h">
      <Filter>Source Files</Filter>
    </QtMoc>
    <QtMoc Include="tPanReport.h">
      <Filter>Source Files</Filter>
    </QtMoc>
    <QtMoc Include="tTestProcedure.h">
      <Filter>Source Files</Filter>
    </QtMoc>
    <QtMoc Include="tTestRunner.h">
      <Filter>Source Files</Filter>
    </QtMoc>
    <QtMoc Include="tReport.h">
      <Filter>Source Files</Filter>
    </QtMoc>
  </ItemGroup>
</Project>